{
  "nodes": {
    "flake-utils": {
      "locked": {
        "lastModified": 1629284811,
        "narHash": "sha256-JHgasjPR0/J1J3DRm4KxM4zTyAj4IOJY8vIl75v/kPI=",
        "owner": "numtide",
        "repo": "flake-utils",
        "rev": "c5d161cc0af116a2e17f54316f0bf43f0819785c",
        "type": "github"
      },
      "original": {
        "owner": "numtide",
        "repo": "flake-utils",
        "type": "github"
      }
    },
    "flake-utils_2": {
      "locked": {
        "lastModified": 1614513358,
        "narHash": "sha256-LakhOx3S1dRjnh0b5Dg3mbZyH0ToC9I8Y2wKSkBaTzU=",
        "owner": "numtide",
        "repo": "flake-utils",
        "rev": "5466c5bbece17adaab2d82fae80b46e807611bf3",
        "type": "github"
      },
      "original": {
        "owner": "numtide",
        "repo": "flake-utils",
        "type": "github"
      }
    },
    "flake-utils_3": {
      "locked": {
        "lastModified": 1623875721,
        "narHash": "sha256-A8BU7bjS5GirpAUv4QA+QnJ4CceLHkcXdRp4xITDB0s=",
        "owner": "numtide",
        "repo": "flake-utils",
        "rev": "f7e004a55b120c02ecb6219596820fcd32ca8772",
        "type": "github"
      },
      "original": {
        "owner": "numtide",
        "repo": "flake-utils",
        "type": "github"
      }
    },
    "naersk": {
      "inputs": {
        "nixpkgs": "nixpkgs_2"
      },
      "locked": {
        "lastModified": 1618844365,
        "narHash": "sha256-Z9t0rr+5OG/ru3jdg3jivfYVU4ydV/nqt8UwIut7uHs=",
        "owner": "nmattia",
        "repo": "naersk",
        "rev": "32e3ba39d9d83098b13720a4384bdda191dd0445",
        "type": "github"
      },
      "original": {
        "owner": "nmattia",
        "repo": "naersk",
        "type": "github"
      }
    },
    "nixpkgs": {
      "locked": {
        "lastModified": 1629123539,
        "narHash": "sha256-bX/SmokEvX8U0MCSiA06MAfKDThI+z+ge669yqZ84f0=",
        "owner": "1000teslas",
        "repo": "nixpkgs",
        "rev": "284597e963f90f5745aba1132859faec15ecec76",
        "type": "github"
      },
      "original": {
        "owner": "1000teslas",
        "ref": "rust-demangle-hotspot",
        "repo": "nixpkgs",
        "type": "github"
      }
    },
    "nixpkgs_2": {
      "locked": {
        "lastModified": 1619148368,
        "narHash": "sha256-JC0Hk+In4p94GXKmMTPM6Vtqatpq79qdag9ztp0W+1M=",
        "owner": "NixOS",
        "repo": "nixpkgs",
        "rev": "cc9e099e6310a380850324a038d9f4f3185b89a9",
        "type": "github"
      },
      "original": {
        "id": "nixpkgs",
        "type": "indirect"
      }
    },
    "nixpkgs_3": {
      "locked": {
        "lastModified": 1619057301,
        "narHash": "sha256-1Y1nCnwGSQHM76KGIhz+8tOAGOT3wlP+dKjwoyQXCtg=",
        "owner": "NixOS",
        "repo": "nixpkgs",
        "rev": "d235056d6d6dcbd2999bd55fd120d831d4df6304",
        "type": "github"
      },
      "original": {
        "owner": "NixOS",
        "ref": "nixos-unstable",
        "repo": "nixpkgs",
        "type": "github"
      }
    },
    "nixpkgs_4": {
      "locked": {
        "lastModified": 1617325113,
        "narHash": "sha256-GksR0nvGxfZ79T91UUtWjjccxazv6Yh/MvEJ82v1Xmw=",
        "owner": "nixos",
        "repo": "nixpkgs",
        "rev": "54c1e44240d8a527a8f4892608c4bce5440c3ecb",
        "type": "github"
      },
      "original": {
        "owner": "NixOS",
        "repo": "nixpkgs",
        "type": "github"
      }
    },
    "nixpkgs_5": {
      "locked": {
        "lastModified": 1628186154,
        "narHash": "sha256-r2d0wvywFnL9z4iptztdFMhaUIAaGzrSs7kSok0PgmE=",
        "owner": "NixOS",
        "repo": "nixpkgs",
        "rev": "06552b72346632b6943c8032e57e702ea12413bf",
        "type": "github"
      },
      "original": {
        "owner": "NixOS",
        "repo": "nixpkgs",
        "type": "github"
      }
    },
    "prusti-dev": {
      "inputs": {
        "naersk": "naersk",
        "nixpkgs": "nixpkgs_3",
        "rust-overlay": "rust-overlay",
        "utils": "utils"
      },
      "locked": {
        "lastModified": 1628163950,
        "narHash": "sha256-4Iot3DHcAGlDkbgAmP8zZIoGEh1Exl3zXf7L6re4L3c=",
        "owner": "1000teslas",
        "repo": "prusti-dev",
        "rev": "77e3834ec3ffe456616179b9a27111e1a4a03f62",
        "type": "github"
      },
      "original": {
        "owner": "1000teslas",
        "repo": "prusti-dev",
        "type": "github"
      }
    },
    "root": {
      "inputs": {
        "flake-utils": "flake-utils",
        "nixpkgs": "nixpkgs",
        "prusti-dev": "prusti-dev",
        "rust-overlay": "rust-overlay_2"
      }
    },
    "rust-overlay": {
      "inputs": {
        "flake-utils": "flake-utils_2",
        "nixpkgs": "nixpkgs_4"
      },
      "locked": {
        "lastModified": 1619144889,
        "narHash": "sha256-9+nfsUEb89TyNcK8F2pTia76GhPDYDigypCEGBRxAxo=",
        "owner": "oxalica",
        "repo": "rust-overlay",
        "rev": "49a8f52d0e15e8ccbd1946f3d7abff01931260a4",
        "type": "github"
      },
      "original": {
        "owner": "oxalica",
        "repo": "rust-overlay",
        "type": "github"
      }
    },
    "rust-overlay_2": {
      "inputs": {
        "flake-utils": "flake-utils_3",
        "nixpkgs": "nixpkgs_5"
      },
      "locked": {
        "lastModified": 1629252735,
        "narHash": "sha256-micxdZP3n7/EjGody+U1u3sEseqPzKZMBqpX73e0LOA=",
        "owner": "oxalica",
        "repo": "rust-overlay",
        "rev": "a68b6b8fe61a6660db7925de8caa584773e59512",
        "type": "github"
      },
      "original": {
        "owner": "oxalica",
        "repo": "rust-overlay",
        "type": "github"
      }
    },
    "utils": {
      "locked": {
        "lastModified": 1618868421,
        "narHash": "sha256-vyoJhLV6cJ8/tWz+l9HZLIkb9Rd9esE7p+0RL6zDR6Y=",
        "owner": "numtide",
        "repo": "flake-utils",
        "rev": "eed214942bcfb3a8cc09eb3b28ca7d7221e44a94",
        "type": "github"
      },
      "original": {
        "owner": "numtide",
        "repo": "flake-utils",
        "type": "github"
      }
    }
  },
  "root": "root",
  "version": 7
}
